// !$*UTF8*$!
{
	archiveVersion = 1;
	classes = {
	};
	objectVersion = 42;
	objects = {

/* Begin PBXBuildFile section */
		4DDCA7060ACC9A6100E082CE /* MainMenu.nib in Resources */ = {isa = PBXBuildFile; fileRef = 29B97318FDCFA39411CA2CEA /* MainMenu.nib */; };
		4DDCA7070ACC9A6100E082CE /* InfoPlist.strings in Resources */ = {isa = PBXBuildFile; fileRef = 089C165CFE840E0CC02AAC07 /* InfoPlist.strings */; };
		4DDCA7080ACC9A6100E082CE /* rb_main.rb in Resources */ = {isa = PBXBuildFile; fileRef = E8F5E25803AEB7C803A81C6F /* rb_main.rb */; };
		4DDCA70A0ACC9A6100E082CE /* main.m in Sources */ = {isa = PBXBuildFile; fileRef = 29B97316FDCFA39411CA2CEA /* main.m */; settings = {ATTRIBUTES = (); }; };
		4DDCA70C0ACC9A6100E082CE /* Cocoa.framework in Frameworks */ = {isa = PBXBuildFile; fileRef = 1058C7A1FEA54F0111CA2CBB /* Cocoa.framework */; };
		511EF93A0C8B269B00981C54 /* Sparkle.framework in Frameworks */ = {isa = PBXBuildFile; fileRef = 511EF9390C8B269B00981C54 /* Sparkle.framework */; };
		511EF9530C8B26C100981C54 /* Sparkle.framework in CopyFiles */ = {isa = PBXBuildFile; fileRef = 511EF9390C8B269B00981C54 /* Sparkle.framework */; };
		5139BE1F0C3A7DC300162D10 /* AddLink.tif in Resources */ = {isa = PBXBuildFile; fileRef = 5139BE190C3A7DC300162D10 /* AddLink.tif */; };
		5139BE200C3A7DC300162D10 /* AddLinkDisabled.tif in Resources */ = {isa = PBXBuildFile; fileRef = 5139BE1A0C3A7DC300162D10 /* AddLinkDisabled.tif */; };
		5139BE210C3A7DC300162D10 /* AddLinkPressed.tif in Resources */ = {isa = PBXBuildFile; fileRef = 5139BE1B0C3A7DC300162D10 /* AddLinkPressed.tif */; };
		5139BE220C3A7DC300162D10 /* Home.tif in Resources */ = {isa = PBXBuildFile; fileRef = 5139BE1C0C3A7DC300162D10 /* Home.tif */; };
		5139BE230C3A7DC300162D10 /* HomeDisabled.tif in Resources */ = {isa = PBXBuildFile; fileRef = 5139BE1D0C3A7DC300162D10 /* HomeDisabled.tif */; };
		5139BE240C3A7DC300162D10 /* HomePressed.tif in Resources */ = {isa = PBXBuildFile; fileRef = 5139BE1E0C3A7DC300162D10 /* HomePressed.tif */; };
		5141FA020C954CB300FF22F6 /* PreferencesController.rb in Resources */ = {isa = PBXBuildFile; fileRef = 5141FA010C954CB300FF22F6 /* PreferencesController.rb */; };
		5141FA080C954D5000FF22F6 /* Preferences.nib in Resources */ = {isa = PBXBuildFile; fileRef = 5141FA060C954D5000FF22F6 /* Preferences.nib */; };
		514920780C5F8F5800ACE936 /* SABookmarkBar in Resources */ = {isa = PBXBuildFile; fileRef = 514920680C5F8F5800ACE936 /* SABookmarkBar */; };
		5156289C0C90370D00EFAB2E /* WebHistoryController.rb in Resources */ = {isa = PBXBuildFile; fileRef = 5156289B0C90370D00EFAB2E /* WebHistoryController.rb */; };
		5197D3DD0C675BF1003E1653 /* lib in Resources */ = {isa = PBXBuildFile; fileRef = 5197D3120C675BF1003E1653 /* lib */; };
		5197D3F00C676858003E1653 /* BookmarkController.rb in Resources */ = {isa = PBXBuildFile; fileRef = 5197D3EF0C676858003E1653 /* BookmarkController.rb */; };
		519D9AC80C38F02D00CAC573 /* AppController.rb in Resources */ = {isa = PBXBuildFile; fileRef = 519D9AC70C38F02D00CAC573 /* AppController.rb */; };
		519D9ACE0C38F7B300CAC573 /* Backend.rb in Resources */ = {isa = PBXBuildFile; fileRef = 519D9ACD0C38F7B300CAC573 /* Backend.rb */; };
		519D9ADD0C39183100CAC573 /* WebViewController.rb in Resources */ = {isa = PBXBuildFile; fileRef = 519D9ADC0C39183100CAC573 /* WebViewController.rb */; };
		519D9AED0C39272B00CAC573 /* ToolbarController.rb in Resources */ = {isa = PBXBuildFile; fileRef = 519D9AEC0C39272B00CAC573 /* ToolbarController.rb */; };
		519D9AFA0C393B6900CAC573 /* Back.tif in Resources */ = {isa = PBXBuildFile; fileRef = 519D9AF40C393B6900CAC573 /* Back.tif */; };
		519D9AFB0C393B6900CAC573 /* BackDisabled.tif in Resources */ = {isa = PBXBuildFile; fileRef = 519D9AF50C393B6900CAC573 /* BackDisabled.tif */; };
		519D9AFC0C393B6900CAC573 /* BackPressed.tif in Resources */ = {isa = PBXBuildFile; fileRef = 519D9AF60C393B6900CAC573 /* BackPressed.tif */; };
		519D9AFD0C393B6900CAC573 /* Forward.tif in Resources */ = {isa = PBXBuildFile; fileRef = 519D9AF70C393B6900CAC573 /* Forward.tif */; };
		519D9AFE0C393B6900CAC573 /* ForwardDisabled.tif in Resources */ = {isa = PBXBuildFile; fileRef = 519D9AF80C393B6900CAC573 /* ForwardDisabled.tif */; };
		519D9AFF0C393B6900CAC573 /* ForwardPressed.tif in Resources */ = {isa = PBXBuildFile; fileRef = 519D9AF90C393B6900CAC573 /* ForwardPressed.tif */; };
		519D9B0B0C393DE400CAC573 /* FontBigger.tif in Resources */ = {isa = PBXBuildFile; fileRef = 519D9B050C393DE400CAC573 /* FontBigger.tif */; };
		519D9B0C0C393DE400CAC573 /* FontBiggerDisabled.tif in Resources */ = {isa = PBXBuildFile; fileRef = 519D9B060C393DE400CAC573 /* FontBiggerDisabled.tif */; };
		519D9B0D0C393DE400CAC573 /* FontBiggerPressed.tif in Resources */ = {isa = PBXBuildFile; fileRef = 519D9B070C393DE400CAC573 /* FontBiggerPressed.tif */; };
		519D9B0E0C393DE400CAC573 /* FontSmaller.tif in Resources */ = {isa = PBXBuildFile; fileRef = 519D9B080C393DE400CAC573 /* FontSmaller.tif */; };
		519D9B0F0C393DE400CAC573 /* FontSmallerDisabled.tif in Resources */ = {isa = PBXBuildFile; fileRef = 519D9B090C393DE400CAC573 /* FontSmallerDisabled.tif */; };
		519D9B100C393DE400CAC573 /* FontSmallerPressed.tif in Resources */ = {isa = PBXBuildFile; fileRef = 519D9B0A0C393DE400CAC573 /* FontSmallerPressed.tif */; };
		51B008520C38EB90009130E3 /* RubyCocoa.framework in Frameworks */ = {isa = PBXBuildFile; fileRef = 51B008510C38EB90009130E3 /* RubyCocoa.framework */; };
		51BE85CF0CFC8B6200EA26DB /* FontBiggerTemplate.tiff in Resources */ = {isa = PBXBuildFile; fileRef = 51BE85CD0CFC8B6200EA26DB /* FontBiggerTemplate.tiff */; };
		51BE85D00CFC8B6200EA26DB /* FontSmallerTemplate.tiff in Resources */ = {isa = PBXBuildFile; fileRef = 51BE85CE0CFC8B6200EA26DB /* FontSmallerTemplate.tiff */; };
		51DD58650C9AC9FC00B41965 /* free_tcp_port.rb in Resources */ = {isa = PBXBuildFile; fileRef = 51DD58640C9AC9FC00B41965 /* free_tcp_port.rb */; };
/* End PBXBuildFile section */

/* Begin PBXCopyFilesBuildPhase section */
		511EF94F0C8B26AE00981C54 /* CopyFiles */ = {
			isa = PBXCopyFilesBuildPhase;
			buildActionMask = 2147483647;
			dstPath = "";
			dstSubfolderSpec = 10;
			files = (
				511EF9530C8B26C100981C54 /* Sparkle.framework in CopyFiles */,
			);
			runOnlyForDeploymentPostprocessing = 0;
		};
/* End PBXCopyFilesBuildPhase section */

/* Begin PBXFileReference section */
		089C165DFE840E0CC02AAC07 /* English */ = {isa = PBXFileReference; fileEncoding = 10; lastKnownFileType = text.plist.strings; name = English; path = English.lproj/InfoPlist.strings; sourceTree = "<group>"; };
		1058C7A1FEA54F0111CA2CBB /* Cocoa.framework */ = {isa = PBXFileReference; lastKnownFileType = wrapper.framework; name = Cocoa.framework; path = /System/Library/Frameworks/Cocoa.framework; sourceTree = "<absolute>"; };
		29B97316FDCFA39411CA2CEA /* main.m */ = {isa = PBXFileReference; fileEncoding = 30; lastKnownFileType = sourcecode.c.objc; path = main.m; sourceTree = "<group>"; };
		29B97319FDCFA39411CA2CEA /* English */ = {isa = PBXFileReference; lastKnownFileType = wrapper.nib; name = English; path = English.lproj/MainMenu.nib; sourceTree = "<group>"; };
		29B97324FDCFA39411CA2CEA /* AppKit.framework */ = {isa = PBXFileReference; lastKnownFileType = wrapper.framework; name = AppKit.framework; path = /System/Library/Frameworks/AppKit.framework; sourceTree = "<absolute>"; };
		29B97325FDCFA39411CA2CEA /* Foundation.framework */ = {isa = PBXFileReference; lastKnownFileType = wrapper.framework; name = Foundation.framework; path = /System/Library/Frameworks/Foundation.framework; sourceTree = "<absolute>"; };
		4DDCA7110ACC9A6100E082CE /* Info.plist */ = {isa = PBXFileReference; lastKnownFileType = text.xml; path = Info.plist; sourceTree = "<group>"; };
		4DDCA7120ACC9A6100E082CE /* Kari.app */ = {isa = PBXFileReference; explicitFileType = wrapper.application; includeInIndex = 0; path = Kari.app; sourceTree = BUILT_PRODUCTS_DIR; };
		511EF9390C8B269B00981C54 /* Sparkle.framework */ = {isa = PBXFileReference; lastKnownFileType = wrapper.framework; path = Sparkle.framework; sourceTree = "<group>"; };
		5139BE190C3A7DC300162D10 /* AddLink.tif */ = {isa = PBXFileReference; lastKnownFileType = image.tiff; path = AddLink.tif; sourceTree = "<group>"; };
		5139BE1A0C3A7DC300162D10 /* AddLinkDisabled.tif */ = {isa = PBXFileReference; lastKnownFileType = image.tiff; path = AddLinkDisabled.tif; sourceTree = "<group>"; };
		5139BE1B0C3A7DC300162D10 /* AddLinkPressed.tif */ = {isa = PBXFileReference; lastKnownFileType = image.tiff; path = AddLinkPressed.tif; sourceTree = "<group>"; };
		5139BE1C0C3A7DC300162D10 /* Home.tif */ = {isa = PBXFileReference; lastKnownFileType = image.tiff; path = Home.tif; sourceTree = "<group>"; };
		5139BE1D0C3A7DC300162D10 /* HomeDisabled.tif */ = {isa = PBXFileReference; lastKnownFileType = image.tiff; path = HomeDisabled.tif; sourceTree = "<group>"; };
		5139BE1E0C3A7DC300162D10 /* HomePressed.tif */ = {isa = PBXFileReference; lastKnownFileType = image.tiff; path = HomePressed.tif; sourceTree = "<group>"; };
		5141FA010C954CB300FF22F6 /* PreferencesController.rb */ = {isa = PBXFileReference; fileEncoding = 4; lastKnownFileType = text.script.ruby; path = PreferencesController.rb; sourceTree = "<group>"; };
		5141FA070C954D5000FF22F6 /* English */ = {isa = PBXFileReference; lastKnownFileType = wrapper.nib; name = English; path = English.lproj/Preferences.nib; sourceTree = "<group>"; };
		514920680C5F8F5800ACE936 /* SABookmarkBar */ = {isa = PBXFileReference; lastKnownFileType = folder; path = SABookmarkBar; sourceTree = "<group>"; };
		5156289B0C90370D00EFAB2E /* WebHistoryController.rb */ = {isa = PBXFileReference; fileEncoding = 4; lastKnownFileType = text.script.ruby; path = WebHistoryController.rb; sourceTree = "<group>"; };
		5197D3120C675BF1003E1653 /* lib */ = {isa = PBXFileReference; lastKnownFileType = folder; path = lib; sourceTree = "<group>"; };
		5197D3EF0C676858003E1653 /* BookmarkController.rb */ = {isa = PBXFileReference; fileEncoding = 4; lastKnownFileType = text.script.ruby; path = BookmarkController.rb; sourceTree = "<group>"; };
		519D9AC70C38F02D00CAC573 /* AppController.rb */ = {isa = PBXFileReference; fileEncoding = 4; lastKnownFileType = text.script.ruby; path = AppController.rb; sourceTree = "<group>"; };
		519D9ACD0C38F7B300CAC573 /* Backend.rb */ = {isa = PBXFileReference; fileEncoding = 4; lastKnownFileType = text.script.ruby; path = Backend.rb; sourceTree = "<group>"; };
		519D9ADC0C39183100CAC573 /* WebViewController.rb */ = {isa = PBXFileReference; fileEncoding = 4; lastKnownFileType = text.script.ruby; path = WebViewController.rb; sourceTree = "<group>"; };
		519D9AEC0C39272B00CAC573 /* ToolbarController.rb */ = {isa = PBXFileReference; fileEncoding = 4; lastKnownFileType = text.script.ruby; path = ToolbarController.rb; sourceTree = "<group>"; };
		519D9AF40C393B6900CAC573 /* Back.tif */ = {isa = PBXFileReference; lastKnownFileType = image.tiff; path = Back.tif; sourceTree = "<group>"; };
		519D9AF50C393B6900CAC573 /* BackDisabled.tif */ = {isa = PBXFileReference; lastKnownFileType = image.tiff; path = BackDisabled.tif; sourceTree = "<group>"; };
		519D9AF60C393B6900CAC573 /* BackPressed.tif */ = {isa = PBXFileReference; lastKnownFileType = image.tiff; path = BackPressed.tif; sourceTree = "<group>"; };
		519D9AF70C393B6900CAC573 /* Forward.tif */ = {isa = PBXFileReference; lastKnownFileType = image.tiff; path = Forward.tif; sourceTree = "<group>"; };
		519D9AF80C393B6900CAC573 /* ForwardDisabled.tif */ = {isa = PBXFileReference; lastKnownFileType = image.tiff; path = ForwardDisabled.tif; sourceTree = "<group>"; };
		519D9AF90C393B6900CAC573 /* ForwardPressed.tif */ = {isa = PBXFileReference; lastKnownFileType = image.tiff; path = ForwardPressed.tif; sourceTree = "<group>"; };
		519D9B050C393DE400CAC573 /* FontBigger.tif */ = {isa = PBXFileReference; lastKnownFileType = image.tiff; path = FontBigger.tif; sourceTree = "<group>"; };
		519D9B060C393DE400CAC573 /* FontBiggerDisabled.tif */ = {isa = PBXFileReference; lastKnownFileType = image.tiff; path = FontBiggerDisabled.tif; sourceTree = "<group>"; };
		519D9B070C393DE400CAC573 /* FontBiggerPressed.tif */ = {isa = PBXFileReference; lastKnownFileType = image.tiff; path = FontBiggerPressed.tif; sourceTree = "<group>"; };
		519D9B080C393DE400CAC573 /* FontSmaller.tif */ = {isa = PBXFileReference; lastKnownFileType = image.tiff; path = FontSmaller.tif; sourceTree = "<group>"; };
		519D9B090C393DE400CAC573 /* FontSmallerDisabled.tif */ = {isa = PBXFileReference; lastKnownFileType = image.tiff; path = FontSmallerDisabled.tif; sourceTree = "<group>"; };
		519D9B0A0C393DE400CAC573 /* FontSmallerPressed.tif */ = {isa = PBXFileReference; lastKnownFileType = image.tiff; path = FontSmallerPressed.tif; sourceTree = "<group>"; };
		51B008510C38EB90009130E3 /* RubyCocoa.framework */ = {isa = PBXFileReference; lastKnownFileType = wrapper.framework; name = RubyCocoa.framework; path = /Library/Frameworks/RubyCocoa.framework; sourceTree = "<absolute>"; };
		51BE85CD0CFC8B6200EA26DB /* FontBiggerTemplate.tiff */ = {isa = PBXFileReference; lastKnownFileType = image.tiff; path = FontBiggerTemplate.tiff; sourceTree = "<group>"; };
		51BE85CE0CFC8B6200EA26DB /* FontSmallerTemplate.tiff */ = {isa = PBXFileReference; lastKnownFileType = image.tiff; path = FontSmallerTemplate.tiff; sourceTree = "<group>"; };
		51DD58640C9AC9FC00B41965 /* free_tcp_port.rb */ = {isa = PBXFileReference; fileEncoding = 4; lastKnownFileType = text.script.ruby; path = free_tcp_port.rb; sourceTree = "<group>"; };
		E8F5E25803AEB7C803A81C6F /* rb_main.rb */ = {isa = PBXFileReference; lastKnownFileType = text.script.ruby; path = rb_main.rb; sourceTree = "<group>"; };
/* End PBXFileReference section */

/* Begin PBXFrameworksBuildPhase section */
		4DDCA70B0ACC9A6100E082CE /* Frameworks */ = {
			isa = PBXFrameworksBuildPhase;
			buildActionMask = 2147483647;
			files = (
				4DDCA70C0ACC9A6100E082CE /* Cocoa.framework in Frameworks */,
				51B008520C38EB90009130E3 /* RubyCocoa.framework in Frameworks */,
				511EF93A0C8B269B00981C54 /* Sparkle.framework in Frameworks */,
			);
			runOnlyForDeploymentPostprocessing = 0;
		};
/* End PBXFrameworksBuildPhase section */

/* Begin PBXGroup section */
		080E96DDFE201D6D7F000001 /* Classes */ = {
			isa = PBXGroup;
			children = (
				519D9ACD0C38F7B300CAC573 /* Backend.rb */,
				519D9AC70C38F02D00CAC573 /* AppController.rb */,
				519D9ADC0C39183100CAC573 /* WebViewController.rb */,
				5197D3EF0C676858003E1653 /* BookmarkController.rb */,
				519D9AEC0C39272B00CAC573 /* ToolbarController.rb */,
			);
			name = Classes;
			sourceTree = "<group>";
		};
		1058C7A0FEA54F0111CA2CBB /* Linked Frameworks */ = {
			isa = PBXGroup;
			children = (
				511EF9390C8B269B00981C54 /* Sparkle.framework */,
				1058C7A1FEA54F0111CA2CBB /* Cocoa.framework */,
			);
			name = "Linked Frameworks";
			sourceTree = "<group>";
		};
		1058C7A2FEA54F0111CA2CBB /* Other Frameworks */ = {
			isa = PBXGroup;
			children = (
				29B97325FDCFA39411CA2CEA /* Foundation.framework */,
				29B97324FDCFA39411CA2CEA /* AppKit.framework */,
			);
			name = "Other Frameworks";
			sourceTree = "<group>";
		};
		19C28FACFE9D520D11CA2CBB /* Products */ = {
			isa = PBXGroup;
			children = (
				4DDCA7120ACC9A6100E082CE /* Kari.app */,
				5139BE190C3A7DC300162D10 /* AddLink.tif */,
				5139BE1A0C3A7DC300162D10 /* AddLinkDisabled.tif */,
				5139BE1B0C3A7DC300162D10 /* AddLinkPressed.tif */,
				5139BE1C0C3A7DC300162D10 /* Home.tif */,
				5139BE1D0C3A7DC300162D10 /* HomeDisabled.tif */,
				5197D3120C675BF1003E1653 /* lib */,
				5139BE1E0C3A7DC300162D10 /* HomePressed.tif */,
			);
			name = Products;
			sourceTree = "<group>";
		};
		29B97314FDCFA39411CA2CEA /* Kari */ = {
			isa = PBXGroup;
			children = (
				080E96DDFE201D6D7F000001 /* Classes */,
				29B97315FDCFA39411CA2CEA /* Other Sources */,
				29B97317FDCFA39411CA2CEA /* Resources */,
				29B97323FDCFA39411CA2CEA /* Frameworks */,
				19C28FACFE9D520D11CA2CBB /* Products */,
				4DDCA7110ACC9A6100E082CE /* Info.plist */,
			);
			name = Kari;
			sourceTree = "<group>";
		};
		29B97315FDCFA39411CA2CEA /* Other Sources */ = {
			isa = PBXGroup;
			children = (
				5141FA010C954CB300FF22F6 /* PreferencesController.rb */,
				51BE85CD0CFC8B6200EA26DB /* FontBiggerTemplate.tiff */,
				51BE85CE0CFC8B6200EA26DB /* FontSmallerTemplate.tiff */,
				51DD58640C9AC9FC00B41965 /* free_tcp_port.rb */,
				5156289B0C90370D00EFAB2E /* WebHistoryController.rb */,
				29B97316FDCFA39411CA2CEA /* main.m */,
				E8F5E25803AEB7C803A81C6F /* rb_main.rb */,
				51B008510C38EB90009130E3 /* RubyCocoa.framework */,
				519D9AF40C393B6900CAC573 /* Back.tif */,
				519D9AF50C393B6900CAC573 /* BackDisabled.tif */,
				519D9B050C393DE400CAC573 /* FontBigger.tif */,
				519D9B060C393DE400CAC573 /* FontBiggerDisabled.tif */,
				519D9B070C393DE400CAC573 /* FontBiggerPressed.tif */,
				514920680C5F8F5800ACE936 /* SABookmarkBar */,
				519D9B080C393DE400CAC573 /* FontSmaller.tif */,
				519D9B090C393DE400CAC573 /* FontSmallerDisabled.tif */,
				519D9B0A0C393DE400CAC573 /* FontSmallerPressed.tif */,
				519D9AF60C393B6900CAC573 /* BackPressed.tif */,
				519D9AF70C393B6900CAC573 /* Forward.tif */,
				519D9AF80C393B6900CAC573 /* ForwardDisabled.tif */,
				519D9AF90C393B6900CAC573 /* ForwardPressed.tif */,
			);
			name = "Other Sources";
			sourceTree = "<group>";
		};
		29B97317FDCFA39411CA2CEA /* Resources */ = {
			isa = PBXGroup;
			children = (
				29B97318FDCFA39411CA2CEA /* MainMenu.nib */,
				089C165CFE840E0CC02AAC07 /* InfoPlist.strings */,
				5141FA060C954D5000FF22F6 /* Preferences.nib */,
			);
			name = Resources;
			sourceTree = "<group>";
		};
		29B97323FDCFA39411CA2CEA /* Frameworks */ = {
			isa = PBXGroup;
			children = (
				1058C7A0FEA54F0111CA2CBB /* Linked Frameworks */,
				1058C7A2FEA54F0111CA2CBB /* Other Frameworks */,
			);
			name = Frameworks;
			sourceTree = "<group>";
		};
/* End PBXGroup section */

/* Begin PBXHeadersBuildPhase section */
		4DDCA7040ACC9A6100E082CE /* Headers */ = {
			isa = PBXHeadersBuildPhase;
			buildActionMask = 2147483647;
			files = (
			);
			runOnlyForDeploymentPostprocessing = 0;
		};
/* End PBXHeadersBuildPhase section */

/* Begin PBXNativeTarget section */
		4DDCA7030ACC9A6100E082CE /* Kari */ = {
			isa = PBXNativeTarget;
			buildConfigurationList = 4DDCA70E0ACC9A6100E082CE /* Build configuration list for PBXNativeTarget "Kari" */;
			buildPhases = (
				4DDCA7040ACC9A6100E082CE /* Headers */,
				4DDCA7050ACC9A6100E082CE /* Resources */,
				4DDCA7090ACC9A6100E082CE /* Sources */,
				4DDCA70B0ACC9A6100E082CE /* Frameworks */,
				511EF94F0C8B26AE00981C54 /* CopyFiles */,
			);
			buildRules = (
			);
			dependencies = (
			);
			name = Kari;
			productInstallPath = "$(HOME)/Applications";
			productName = Kari;
			productReference = 4DDCA7120ACC9A6100E082CE /* Kari.app */;
			productType = "com.apple.product-type.application";
		};
/* End PBXNativeTarget section */

/* Begin PBXProject section */
		29B97313FDCFA39411CA2CEA /* Project object */ = {
			isa = PBXProject;
			buildConfigurationList = 4D7A7B570ABF745500C2D4C0 /* Build configuration list for PBXProject "Kari" */;
			compatibilityVersion = "Xcode 2.4";
			hasScannedForEncodings = 0;
			mainGroup = 29B97314FDCFA39411CA2CEA /* Kari */;
			projectDirPath = "";
			projectRoot = "";
			targets = (
				4DDCA7030ACC9A6100E082CE /* Kari */,
			);
		};
/* End PBXProject section */

/* Begin PBXResourcesBuildPhase section */
		4DDCA7050ACC9A6100E082CE /* Resources */ = {
			isa = PBXResourcesBuildPhase;
			buildActionMask = 2147483647;
			files = (
				4DDCA7060ACC9A6100E082CE /* MainMenu.nib in Resources */,
				4DDCA7070ACC9A6100E082CE /* InfoPlist.strings in Resources */,
				4DDCA7080ACC9A6100E082CE /* rb_main.rb in Resources */,
				519D9AC80C38F02D00CAC573 /* AppController.rb in Resources */,
				519D9ACE0C38F7B300CAC573 /* Backend.rb in Resources */,
				519D9ADD0C39183100CAC573 /* WebViewController.rb in Resources */,
				519D9AED0C39272B00CAC573 /* ToolbarController.rb in Resources */,
				519D9AFA0C393B6900CAC573 /* Back.tif in Resources */,
				519D9AFB0C393B6900CAC573 /* BackDisabled.tif in Resources */,
				519D9AFC0C393B6900CAC573 /* BackPressed.tif in Resources */,
				519D9AFD0C393B6900CAC573 /* Forward.tif in Resources */,
				519D9AFE0C393B6900CAC573 /* ForwardDisabled.tif in Resources */,
				519D9AFF0C393B6900CAC573 /* ForwardPressed.tif in Resources */,
				519D9B0B0C393DE400CAC573 /* FontBigger.tif in Resources */,
				519D9B0C0C393DE400CAC573 /* FontBiggerDisabled.tif in Resources */,
				519D9B0D0C393DE400CAC573 /* FontBiggerPressed.tif in Resources */,
				519D9B0E0C393DE400CAC573 /* FontSmaller.tif in Resources */,
				519D9B0F0C393DE400CAC573 /* FontSmallerDisabled.tif in Resources */,
				519D9B100C393DE400CAC573 /* FontSmallerPressed.tif in Resources */,
				5139BE1F0C3A7DC300162D10 /* AddLink.tif in Resources */,
				5139BE200C3A7DC300162D10 /* AddLinkDisabled.tif in Resources */,
				5139BE210C3A7DC300162D10 /* AddLinkPressed.tif in Resources */,
				5139BE220C3A7DC300162D10 /* Home.tif in Resources */,
				5139BE230C3A7DC300162D10 /* HomeDisabled.tif in Resources */,
				5139BE240C3A7DC300162D10 /* HomePressed.tif in Resources */,
				514920780C5F8F5800ACE936 /* SABookmarkBar in Resources */,
				5197D3DD0C675BF1003E1653 /* lib in Resources */,
				5197D3F00C676858003E1653 /* BookmarkController.rb in Resources */,
				5156289C0C90370D00EFAB2E /* WebHistoryController.rb in Resources */,
				5141FA020C954CB300FF22F6 /* PreferencesController.rb in Resources */,
				5141FA080C954D5000FF22F6 /* Preferences.nib in Resources */,
				51DD58650C9AC9FC00B41965 /* free_tcp_port.rb in Resources */,
				51BE85CF0CFC8B6200EA26DB /* FontBiggerTemplate.tiff in Resources */,
				51BE85D00CFC8B6200EA26DB /* FontSmallerTemplate.tiff in Resources */,
			);
			runOnlyForDeploymentPostprocessing = 0;
		};
/* End PBXResourcesBuildPhase section */

/* Begin PBXSourcesBuildPhase section */
		4DDCA7090ACC9A6100E082CE /* Sources */ = {
			isa = PBXSourcesBuildPhase;
			buildActionMask = 2147483647;
			files = (
				4DDCA70A0ACC9A6100E082CE /* main.m in Sources */,
			);
			runOnlyForDeploymentPostprocessing = 0;
		};
/* End PBXSourcesBuildPhase section */

/* Begin PBXVariantGroup section */
		089C165CFE840E0CC02AAC07 /* InfoPlist.strings */ = {
			isa = PBXVariantGroup;
			children = (
				089C165DFE840E0CC02AAC07 /* English */,
			);
			name = InfoPlist.strings;
			sourceTree = "<group>";
		};
		29B97318FDCFA39411CA2CEA /* MainMenu.nib */ = {
			isa = PBXVariantGroup;
			children = (
				29B97319FDCFA39411CA2CEA /* English */,
			);
			name = MainMenu.nib;
			sourceTree = "<group>";
		};
		5141FA060C954D5000FF22F6 /* Preferences.nib */ = {
			isa = PBXVariantGroup;
			children = (
				5141FA070C954D5000FF22F6 /* English */,
			);
			name = Preferences.nib;
			sourceTree = "<group>";
		};
/* End PBXVariantGroup section */

/* Begin XCBuildConfiguration section */
		4D7A7B580ABF745500C2D4C0 /* Debug */ = {
			isa = XCBuildConfiguration;
			buildSettings = {
				GCC_WARN_ABOUT_RETURN_TYPE = YES;
				GCC_WARN_UNUSED_VARIABLE = YES;
				PREBINDING = NO;
			};
			name = Debug;
		};
		4D7A7B590ABF745500C2D4C0 /* Release */ = {
			isa = XCBuildConfiguration;
			buildSettings = {
				GCC_WARN_ABOUT_RETURN_TYPE = YES;
				GCC_WARN_UNUSED_VARIABLE = YES;
				PREBINDING = NO;
			};
			name = Release;
		};
		4DDCA70F0ACC9A6100E082CE /* Debug */ = {
			isa = XCBuildConfiguration;
			buildSettings = {
				ARCHS = (
					i386,
					ppc,
				);
				COPY_PHASE_STRIP = NO;
				FRAMEWORK_SEARCH_PATHS = (
					"$(inherited)",
					"$(FRAMEWORK_SEARCH_PATHS_QUOTED_1)",
				);
				FRAMEWORK_SEARCH_PATHS_QUOTED_1 = "\"$(SRCROOT)\"";
				GCC_DYNAMIC_NO_PIC = NO;
				GCC_ENABLE_FIX_AND_CONTINUE = YES;
				GCC_MODEL_TUNING = G5;
				GCC_OPTIMIZATION_LEVEL = 0;
				INFOPLIST_FILE = Info.plist;
				INSTALL_PATH = "$(HOME)/Applications";
				PRODUCT_NAME = Kari;
				WRAPPER_EXTENSION = app;
				ZERO_LINK = YES;
			};
			name = Debug;
		};
		4DDCA7100ACC9A6100E082CE /* Release */ = {
			isa = XCBuildConfiguration;
			buildSettings = {
				ARCHS = (
					i386,
					ppc,
				);
				FRAMEWORK_SEARCH_PATHS = (
					"$(inherited)",
					"$(FRAMEWORK_SEARCH_PATHS_QUOTED_1)",
				);
				FRAMEWORK_SEARCH_PATHS_QUOTED_1 = "\"$(SRCROOT)\"";
				GCC_GENERATE_DEBUGGING_SYMBOLS = NO;
				GCC_MODEL_TUNING = G5;
				INFOPLIST_FILE = Info.plist;
				INSTALL_PATH = "$(HOME)/Applications";
				PRODUCT_NAME = Kari;
				WRAPPER_EXTENSION = app;
			};
			name = Release;
		};
/* End XCBuildConfiguration section */

/* Begin XCConfigurationList section */
		4D7A7B570ABF745500C2D4C0 /* Build configuration list for PBXProject "Kari" */ = {
			isa = XCConfigurationList;
			buildConfigurations = (
				4D7A7B580ABF745500C2D4C0 /* Debug */,
				4D7A7B590ABF745500C2D4C0 /* Release */,
			);
			defaultConfigurationIsVisible = 0;
			defaultConfigurationName = Release;
		};
		4DDCA70E0ACC9A6100E082CE /* Build configuration list for PBXNativeTarget "Kari" */ = {
			isa = XCConfigurationList;
			buildConfigurations = (
				4DDCA70F0ACC9A6100E082CE /* Debug */,
				4DDCA7100ACC9A6100E082CE /* Release */,
			);
			defaultConfigurationIsVisible = 0;
			defaultConfigurationName = Release;
		};
/* End XCConfigurationList section */
	};
	rootObject = 29B97313FDCFA39411CA2CEA /* Project object */;
}
